
Microsoft Visual Studio Solution File, Format Version 12.00
Project("{FAE04EC0-301F-11D3-BF4B-00C04F79EFBC}") = "Domain", "Domain\Domain.csproj", "{AC666FD4-63DC-4E31-B076-787DA25D7A2A}"
EndProject
Project("{FAE04EC0-301F-11D3-BF4B-00C04F79EFBC}") = "Application", "Application\Application.csproj", "{BA52258C-07B1-4E2F-80C3-3D358A384A61}"
EndProject
Project("{FAE04EC0-301F-11D3-BF4B-00C04F79EFBC}") = "Persistence", "Persistence\Persistence.csproj", "{5CDC8B90-BB6B-4C3A-B1EE-F667A8611376}"
EndProject
Project("{FAE04EC0-301F-11D3-BF4B-00C04F79EFBC}") = "Presentation", "Presentation\Presentation.csproj", "{32A59695-6B49-4E3F-A988-F915EECCDD7D}"
EndProject
Global
	GlobalSection(SolutionConfigurationPlatforms) = preSolution
		Debug|Any CPU = Debug|Any CPU
		Release|Any CPU = Release|Any CPU
	EndGlobalSection
	GlobalSection(ProjectConfigurationPlatforms) = postSolution
		{AC666FD4-63DC-4E31-B076-787DA25D7A2A}.Debug|Any CPU.ActiveCfg = Debug|Any CPU
		{AC666FD4-63DC-4E31-B076-787DA25D7A2A}.Debug|Any CPU.Build.0 = Debug|Any CPU
		{AC666FD4-63DC-4E31-B076-787DA25D7A2A}.Release|Any CPU.ActiveCfg = Release|Any CPU
		{AC666FD4-63DC-4E31-B076-787DA25D7A2A}.Release|Any CPU.Build.0 = Release|Any CPU
		{BA52258C-07B1-4E2F-80C3-3D358A384A61}.Debug|Any CPU.ActiveCfg = Debug|Any CPU
		{BA52258C-07B1-4E2F-80C3-3D358A384A61}.Debug|Any CPU.Build.0 = Debug|Any CPU
		{BA52258C-07B1-4E2F-80C3-3D358A384A61}.Release|Any CPU.ActiveCfg = Release|Any CPU
		{BA52258C-07B1-4E2F-80C3-3D358A384A61}.Release|Any CPU.Build.0 = Release|Any CPU
		{5CDC8B90-BB6B-4C3A-B1EE-F667A8611376}.Debug|Any CPU.ActiveCfg = Debug|Any CPU
		{5CDC8B90-BB6B-4C3A-B1EE-F667A8611376}.Debug|Any CPU.Build.0 = Debug|Any CPU
		{5CDC8B90-BB6B-4C3A-B1EE-F667A8611376}.Release|Any CPU.ActiveCfg = Release|Any CPU
		{5CDC8B90-BB6B-4C3A-B1EE-F667A8611376}.Release|Any CPU.Build.0 = Release|Any CPU
		{32A59695-6B49-4E3F-A988-F915EECCDD7D}.Debug|Any CPU.ActiveCfg = Debug|Any CPU
		{32A59695-6B49-4E3F-A988-F915EECCDD7D}.Debug|Any CPU.Build.0 = Debug|Any CPU
		{32A59695-6B49-4E3F-A988-F915EECCDD7D}.Release|Any CPU.ActiveCfg = Release|Any CPU
		{32A59695-6B49-4E3F-A988-F915EECCDD7D}.Release|Any CPU.Build.0 = Release|Any CPU
	EndGlobalSection
EndGlobal
